
Microsoft Visual Studio Solution File, Format Version 12.00
# Visual Studio 15
VisualStudioVersion = 15.0.27428.2037
MinimumVisualStudioVersion = 10.0.40219.1
Project("{FAE04EC0-301F-11D3-BF4B-00C04F79EFBC}") = "ContossoUniversity", "ContossoUniversity\ContossoUniversity.csproj", "{529D1F1D-5C6D-4EF6-88B3-741C1B00D83F}"
EndProject
Global
	GlobalSection(SolutionConfigurationPlatforms) = preSolution
		Debug|Any CPU = Debug|Any CPU
		Release|Any CPU = Release|Any CPU
	EndGlobalSection
	GlobalSection(ProjectConfigurationPlatforms) = postSolution
		{529D1F1D-5C6D-4EF6-88B3-741C1B00D83F}.Debug|Any CPU.ActiveCfg = Debug|Any CPU
		{529D1F1D-5C6D-4EF6-88B3-741C1B00D83F}.Debug|Any CPU.Build.0 = Debug|Any CPU
		{529D1F1D-5C6D-4EF6-88B3-741C1B00D83F}.Release|Any CPU.ActiveCfg = Release|Any CPU
		{529D1F1D-5C6D-4EF6-88B3-741C1B00D83F}.Release|Any CPU.Build.0 = Release|Any CPU
	EndGlobalSection
	GlobalSection(SolutionProperties) = preSolution
		HideSolutionNode = FALSE
	EndGlobalSection
	GlobalSection(ExtensibilityGlobals) = postSolution
		SolutionGuid = {37FB2D4A-AE9B-4E66-9701-C29093BD5D70}
	EndGlobalSection
EndGlobal
